
Microsoft Visual Studio Solution File, Format Version 12.00
# Visual Studio Version 16
VisualStudioVersion = 16.0.29519.87
MinimumVisualStudioVersion = 10.0.40219.1
Project("{9A19103F-16F7-4668-BE54-9A1E7A4F7556}") = "HW.02", "HW.02\HW.02.csproj", "{16117A9E-2C69-4175-972F-F3B2083F741B}"
EndProject
Project("{9A19103F-16F7-4668-BE54-9A1E7A4F7556}") = "HW.04 Task 1", "HW.04 Task 1\HW.04 Task 1.csproj", "{0405562C-CC37-4531-8E3E-0AB2C22ABC1C}"
EndProject
Project("{9A19103F-16F7-4668-BE54-9A1E7A4F7556}") = "HW.04 Task 2", "HW.04 Task 2\HW.04 Task 2.csproj", "{F2C8F8F4-A5EB-4AB5-80FB-4F384BE34374}"
EndProject
Project("{9A19103F-16F7-4668-BE54-9A1E7A4F7556}") = "HW.08 Task 1", "HW.08 Task 1\HW.08 Task 1.csproj", "{5F49CCC9-B04C-464E-BDCA-60F6AB3CA0F9}"
EndProject
Project("{9A19103F-16F7-4668-BE54-9A1E7A4F7556}") = "AssemblyOne", "AssemblyOne\AssemblyOne.csproj", "{5CD56981-5186-4C9A-8A90-AA284D58994C}"
EndProject
Project("{9A19103F-16F7-4668-BE54-9A1E7A4F7556}") = "AssemblyTwo", "AssemblyTwo\AssemblyTwo.csproj", "{A7157B59-6C78-42C2-9D5D-B49E3DCE4A15}"
EndProject
Project("{9A19103F-16F7-4668-BE54-9A1E7A4F7556}") = "HW.07 Task 1", "HW.07 Task 1\HW.07 Task 1.csproj", "{C6095C28-5384-4443-A1CD-93DC5D284E15}"
EndProject
Project("{9A19103F-16F7-4668-BE54-9A1E7A4F7556}") = "HW.07 Task 2", "HW.07 Task 2\HW.07 Task 2.csproj", "{BC8BF1D3-9082-4746-866A-B1920C9EB95B}"
EndProject
Project("{9A19103F-16F7-4668-BE54-9A1E7A4F7556}") = "HW.10 - 1", "HW.10 - 1\HW.10 - 1.csproj", "{F941F118-6808-4E9C-85ED-BA710D10404B}"
EndProject
Project("{FAE04EC0-301F-11D3-BF4B-00C04F79EFBC}") = "HW.10 - 2", "HW.01 - 2\HW.10 - 2.csproj", "{6AC56979-01CD-42E5-8134-C16A35DCBA0B}"
EndProject
Project("{FAE04EC0-301F-11D3-BF4B-00C04F79EFBC}") = "HW.10 - 3", "HW.10 - 3\HW.10 - 3.csproj", "{298BC120-4B5D-42AB-8C64-20F2D55AA79A}"
EndProject
Global
	GlobalSection(SolutionConfigurationPlatforms) = preSolution
		Debug|Any CPU = Debug|Any CPU
		Release|Any CPU = Release|Any CPU
	EndGlobalSection
	GlobalSection(ProjectConfigurationPlatforms) = postSolution
		{16117A9E-2C69-4175-972F-F3B2083F741B}.Debug|Any CPU.ActiveCfg = Debug|Any CPU
		{16117A9E-2C69-4175-972F-F3B2083F741B}.Debug|Any CPU.Build.0 = Debug|Any CPU
		{16117A9E-2C69-4175-972F-F3B2083F741B}.Release|Any CPU.ActiveCfg = Release|Any CPU
		{16117A9E-2C69-4175-972F-F3B2083F741B}.Release|Any CPU.Build.0 = Release|Any CPU
		{0405562C-CC37-4531-8E3E-0AB2C22ABC1C}.Debug|Any CPU.ActiveCfg = Debug|Any CPU
		{0405562C-CC37-4531-8E3E-0AB2C22ABC1C}.Debug|Any CPU.Build.0 = Debug|Any CPU
		{0405562C-CC37-4531-8E3E-0AB2C22ABC1C}.Release|Any CPU.ActiveCfg = Release|Any CPU
		{0405562C-CC37-4531-8E3E-0AB2C22ABC1C}.Release|Any CPU.Build.0 = Release|Any CPU
		{F2C8F8F4-A5EB-4AB5-80FB-4F384BE34374}.Debug|Any CPU.ActiveCfg = Debug|Any CPU
		{F2C8F8F4-A5EB-4AB5-80FB-4F384BE34374}.Debug|Any CPU.Build.0 = Debug|Any CPU
		{F2C8F8F4-A5EB-4AB5-80FB-4F384BE34374}.Release|Any CPU.ActiveCfg = Release|Any CPU
		{5F49CCC9-B04C-464E-BDCA-60F6AB3CA0F9}.Debug|Any CPU.ActiveCfg = Debug|Any CPU
		{5F49CCC9-B04C-464E-BDCA-60F6AB3CA0F9}.Debug|Any CPU.Build.0 = Debug|Any CPU
		{5F49CCC9-B04C-464E-BDCA-60F6AB3CA0F9}.Release|Any CPU.ActiveCfg = Release|Any CPU
		{5F49CCC9-B04C-464E-BDCA-60F6AB3CA0F9}.Release|Any CPU.Build.0 = Release|Any CPU
		{5CD56981-5186-4C9A-8A90-AA284D58994C}.Debug|Any CPU.ActiveCfg = Debug|Any CPU
		{5CD56981-5186-4C9A-8A90-AA284D58994C}.Debug|Any CPU.Build.0 = Debug|Any CPU
		{5CD56981-5186-4C9A-8A90-AA284D58994C}.Release|Any CPU.ActiveCfg = Release|Any CPU
		{5CD56981-5186-4C9A-8A90-AA284D58994C}.Release|Any CPU.Build.0 = Release|Any CPU
		{A7157B59-6C78-42C2-9D5D-B49E3DCE4A15}.Debug|Any CPU.ActiveCfg = Debug|Any CPU
		{A7157B59-6C78-42C2-9D5D-B49E3DCE4A15}.Debug|Any CPU.Build.0 = Debug|Any CPU
		{A7157B59-6C78-42C2-9D5D-B49E3DCE4A15}.Release|Any CPU.ActiveCfg = Release|Any CPU
		{A7157B59-6C78-42C2-9D5D-B49E3DCE4A15}.Release|Any CPU.Build.0 = Release|Any CPU
		{C6095C28-5384-4443-A1CD-93DC5D284E15}.Debug|Any CPU.ActiveCfg = Debug|Any CPU
		{C6095C28-5384-4443-A1CD-93DC5D284E15}.Debug|Any CPU.Build.0 = Debug|Any CPU
		{C6095C28-5384-4443-A1CD-93DC5D284E15}.Release|Any CPU.ActiveCfg = Release|Any CPU
		{C6095C28-5384-4443-A1CD-93DC5D284E15}.Release|Any CPU.Build.0 = Release|Any CPU
		{BC8BF1D3-9082-4746-866A-B1920C9EB95B}.Debug|Any CPU.ActiveCfg = Debug|Any CPU
		{BC8BF1D3-9082-4746-866A-B1920C9EB95B}.Debug|Any CPU.Build.0 = Debug|Any CPU
		{BC8BF1D3-9082-4746-866A-B1920C9EB95B}.Release|Any CPU.ActiveCfg = Release|Any CPU
		{BC8BF1D3-9082-4746-866A-B1920C9EB95B}.Release|Any CPU.Build.0 = Release|Any CPU
		{F941F118-6808-4E9C-85ED-BA710D10404B}.Debug|Any CPU.ActiveCfg = Debug|Any CPU
		{F941F118-6808-4E9C-85ED-BA710D10404B}.Debug|Any CPU.Build.0 = Debug|Any CPU
		{F941F118-6808-4E9C-85ED-BA710D10404B}.Release|Any CPU.ActiveCfg = Release|Any CPU
		{F941F118-6808-4E9C-85ED-BA710D10404B}.Release|Any CPU.Build.0 = Release|Any CPU
		{6AC56979-01CD-42E5-8134-C16A35DCBA0B}.Debug|Any CPU.ActiveCfg = Debug|Any CPU
		{6AC56979-01CD-42E5-8134-C16A35DCBA0B}.Debug|Any CPU.Build.0 = Debug|Any CPU
		{6AC56979-01CD-42E5-8134-C16A35DCBA0B}.Release|Any CPU.ActiveCfg = Release|Any CPU
		{6AC56979-01CD-42E5-8134-C16A35DCBA0B}.Release|Any CPU.Build.0 = Release|Any CPU
		{298BC120-4B5D-42AB-8C64-20F2D55AA79A}.Debug|Any CPU.ActiveCfg = Debug|Any CPU
		{298BC120-4B5D-42AB-8C64-20F2D55AA79A}.Debug|Any CPU.Build.0 = Debug|Any CPU
		{298BC120-4B5D-42AB-8C64-20F2D55AA79A}.Release|Any CPU.ActiveCfg = Release|Any CPU
		{298BC120-4B5D-42AB-8C64-20F2D55AA79A}.Release|Any CPU.Build.0 = Release|Any CPU
	EndGlobalSection
	GlobalSection(SolutionProperties) = preSolution
		HideSolutionNode = FALSE
	EndGlobalSection
	GlobalSection(ExtensibilityGlobals) = postSolution
		SolutionGuid = {90272143-023A-4B10-9C21-6FE34CB6D54E}
	EndGlobalSection
EndGlobal
